// !$*UTF8*$!
{
	archiveVersion = 1;
	classes = {
	};
	objectVersion = 50;
	objects = {

/* Begin PBXBuildFile section */
		CFAE9EE02586B31E00A7BCC8 /* AppDelegate.swift in Sources */ = {isa = PBXBuildFile; fileRef = CFAE9EDF2586B31E00A7BCC8 /* AppDelegate.swift */; };
		CFAE9EE22586B31E00A7BCC8 /* ViewController.swift in Sources */ = {isa = PBXBuildFile; fileRef = CFAE9EE12586B31E00A7BCC8 /* ViewController.swift */; };
		CFAE9EE52586B31E00A7BCC8 /* Main.storyboard in Resources */ = {isa = PBXBuildFile; fileRef = CFAE9EE32586B31E00A7BCC8 /* Main.storyboard */; };
		CFAE9EE72586B32100A7BCC8 /* Assets.xcassets in Resources */ = {isa = PBXBuildFile; fileRef = CFAE9EE62586B32100A7BCC8 /* Assets.xcassets */; };
		CFAE9EEA2586B32100A7BCC8 /* LaunchScreen.storyboard in Resources */ = {isa = PBXBuildFile; fileRef = CFAE9EE82586B32100A7BCC8 /* LaunchScreen.storyboard */; };
		CFAE9EF52586B32100A7BCC8 /* TipCalculatorTests.swift in Sources */ = {isa = PBXBuildFile; fileRef = CFAE9EF42586B32100A7BCC8 /* TipCalculatorTests.swift */; };
		CFAE9F002586B32100A7BCC8 /* TipCalculatorUITests.swift in Sources */ = {isa = PBXBuildFile; fileRef = CFAE9EFF2586B32100A7BCC8 /* TipCalculatorUITests.swift */; };
/* End PBXBuildFile section */

/* Begin PBXContainerItemProxy section */
		CFAE9EF12586B32100A7BCC8 /* PBXContainerItemProxy */ = {
			isa = PBXContainerItemProxy;
			containerPortal = CFAE9ED42586B31E00A7BCC8 /* Project object */;
			proxyType = 1;
			remoteGlobalIDString = CFAE9EDB2586B31E00A7BCC8;
			remoteInfo = TipCalculator;
		};
		CFAE9EFC2586B32100A7BCC8 /* PBXContainerItemProxy */ = {
			isa = PBXContainerItemProxy;
			containerPortal = CFAE9ED42586B31E00A7BCC8 /* Project object */;
			proxyType = 1;
			remoteGlobalIDString = CFAE9EDB2586B31E00A7BCC8;
			remoteInfo = TipCalculator;
		};
/* End PBXContainerItemProxy section */

/* Begin PBXFileReference section */
		CFAE9EDC2586B31E00A7BCC8 /* TipCalculator.app */ = {isa = PBXFileReference; explicitFileType = wrapper.application; includeInIndex = 0; path = TipCalculator.app; sourceTree = BUILT_PRODUCTS_DIR; };
		CFAE9EDF2586B31E00A7BCC8 /* AppDelegate.swift */ = {isa = PBXFileReference; lastKnownFileType = sourcecode.swift; path = AppDelegate.swift; sourceTree = "<group>"; };
		CFAE9EE12586B31E00A7BCC8 /* ViewController.swift */ = {isa = PBXFileReference; lastKnownFileType = sourcecode.swift; path = ViewController.swift; sourceTree = "<group>"; };
		CFAE9EE42586B31E00A7BCC8 /* Base */ = {isa = PBXFileReference; lastKnownFileType = file.storyboard; name = Base; path = Base.lproj/Main.storyboard; sourceTree = "<group>"; };
		CFAE9EE62586B32100A7BCC8 /* Assets.xcassets */ = {isa = PBXFileReference; lastKnownFileType = folder.assetcatalog; path = Assets.xcassets; sourceTree = "<group>"; };
		CFAE9EE92586B32100A7BCC8 /* Base */ = {isa = PBXFileReference; lastKnownFileType = file.storyboard; name = Base; path = Base.lproj/LaunchScreen.storyboard; sourceTree = "<group>"; };
		CFAE9EEB2586B32100A7BCC8 /* Info.plist */ = {isa = PBXFileReference; lastKnownFileType = text.plist.xml; path = Info.plist; sourceTree = "<group>"; };
		CFAE9EF02586B32100A7BCC8 /* TipCalculatorTests.xctest */ = {isa = PBXFileReference; explicitFileType = wrapper.cfbundle; includeInIndex = 0; path = TipCalculatorTests.xctest; sourceTree = BUILT_PRODUCTS_DIR; };
		CFAE9EF42586B32100A7BCC8 /* TipCalculatorTests.swift */ = {isa = PBXFileReference; lastKnownFileType = sourcecode.swift; path = TipCalculatorTests.swift; sourceTree = "<group>"; };
		CFAE9EF62586B32100A7BCC8 /* Info.plist */ = {isa = PBXFileReference; lastKnownFileType = text.plist.xml; path = Info.plist; sourceTree = "<group>"; };
		CFAE9EFB2586B32100A7BCC8 /* TipCalculatorUITests.xctest */ = {isa = PBXFileReference; explicitFileType = wrapper.cfbundle; includeInIndex = 0; path = TipCalculatorUITests.xctest; sourceTree = BUILT_PRODUCTS_DIR; };
		CFAE9EFF2586B32100A7BCC8 /* TipCalculatorUITests.swift */ = {isa = PBXFileReference; lastKnownFileType = sourcecode.swift; path = TipCalculatorUITests.swift; sourceTree = "<group>"; };
		CFAE9F012586B32100A7BCC8 /* Info.plist */ = {isa = PBXFileReference; lastKnownFileType = text.plist.xml; path = Info.plist; sourceTree = "<group>"; };
/* End PBXFileReference section */

/* Begin PBXFrameworksBuildPhase section */
		CFAE9ED92586B31E00A7BCC8 /* Frameworks */ = {
			isa = PBXFrameworksBuildPhase;
			buildActionMask = 2147483647;
			files = (
			);
			runOnlyForDeploymentPostprocessing = 0;
		};
		CFAE9EED2586B32100A7BCC8 /* Frameworks */ = {
			isa = PBXFrameworksBuildPhase;
			buildActionMask = 2147483647;
			files = (
			);
			runOnlyForDeploymentPostprocessing = 0;
		};
		CFAE9EF82586B32100A7BCC8 /* Frameworks */ = {
			isa = PBXFrameworksBuildPhase;
			buildActionMask = 2147483647;
			files = (
			);
			runOnlyForDeploymentPostprocessing = 0;
		};
/* End PBXFrameworksBuildPhase section */

/* Begin PBXGroup section */
		CFAE9ED32586B31E00A7BCC8 = {
			isa = PBXGroup;
			children = (
				CFAE9EDE2586B31E00A7BCC8 /* TipCalculator */,
				CFAE9EF32586B32100A7BCC8 /* TipCalculatorTests */,
				CFAE9EFE2586B32100A7BCC8 /* TipCalculatorUITests */,
				CFAE9EDD2586B31E00A7BCC8 /* Products */,
			);
			sourceTree = "<group>";
		};
		CFAE9EDD2586B31E00A7BCC8 /* Products */ = {
			isa = PBXGroup;
			children = (
				CFAE9EDC2586B31E00A7BCC8 /* TipCalculator.app */,
				CFAE9EF02586B32100A7BCC8 /* TipCalculatorTests.xctest */,
				CFAE9EFB2586B32100A7BCC8 /* TipCalculatorUITests.xctest */,
			);
			name = Products;
			sourceTree = "<group>";
		};
		CFAE9EDE2586B31E00A7BCC8 /* TipCalculator */ = {
			isa = PBXGroup;
			children = (
				CFAE9EDF2586B31E00A7BCC8 /* AppDelegate.swift */,
				CFAE9EE12586B31E00A7BCC8 /* ViewController.swift */,
				CFAE9EE32586B31E00A7BCC8 /* Main.storyboard */,
				CFAE9EE62586B32100A7BCC8 /* Assets.xcassets */,
				CFAE9EE82586B32100A7BCC8 /* LaunchScreen.storyboard */,
				CFAE9EEB2586B32100A7BCC8 /* Info.plist */,
			);
			path = TipCalculator;
			sourceTree = "<group>";
		};
		CFAE9EF32586B32100A7BCC8 /* TipCalculatorTests */ = {
			isa = PBXGroup;
			children = (
				CFAE9EF42586B32100A7BCC8 /* TipCalculatorTests.swift */,
				CFAE9EF62586B32100A7BCC8 /* Info.plist */,
			);
			path = TipCalculatorTests;
			sourceTree = "<group>";
		};
		CFAE9EFE2586B32100A7BCC8 /* TipCalculatorUITests */ = {
			isa = PBXGroup;
			children = (
				CFAE9EFF2586B32100A7BCC8 /* TipCalculatorUITests.swift */,
				CFAE9F012586B32100A7BCC8 /* Info.plist */,
			);
			path = TipCalculatorUITests;
			sourceTree = "<group>";
		};
/* End PBXGroup section */

/* Begin PBXNativeTarget section */
		CFAE9EDB2586B31E00A7BCC8 /* TipCalculator */ = {
			isa = PBXNativeTarget;
			buildConfigurationList = CFAE9F042586B32100A7BCC8 /* Build configuration list for PBXNativeTarget "TipCalculator" */;
			buildPhases = (
				CFAE9ED82586B31E00A7BCC8 /* Sources */,
				CFAE9ED92586B31E00A7BCC8 /* Frameworks */,
				CFAE9EDA2586B31E00A7BCC8 /* Resources */,
			);
			buildRules = (
			);
			dependencies = (
			);
			name = TipCalculator;
			productName = TipCalculator;
			productReference = CFAE9EDC2586B31E00A7BCC8 /* TipCalculator.app */;
			productType = "com.apple.product-type.application";
		};
		CFAE9EEF2586B32100A7BCC8 /* TipCalculatorTests */ = {
			isa = PBXNativeTarget;
			buildConfigurationList = CFAE9F072586B32100A7BCC8 /* Build configuration list for PBXNativeTarget "TipCalculatorTests" */;
			buildPhases = (
				CFAE9EEC2586B32100A7BCC8 /* Sources */,
				CFAE9EED2586B32100A7BCC8 /* Frameworks */,
				CFAE9EEE2586B32100A7BCC8 /* Resources */,
			);
			buildRules = (
			);
			dependencies = (
				CFAE9EF22586B32100A7BCC8 /* PBXTargetDependency */,
			);
			name = TipCalculatorTests;
			productName = TipCalculatorTests;
			productReference = CFAE9EF02586B32100A7BCC8 /* TipCalculatorTests.xctest */;
			productType = "com.apple.product-type.bundle.unit-test";
		};
		CFAE9EFA2586B32100A7BCC8 /* TipCalculatorUITests */ = {
			isa = PBXNativeTarget;
			buildConfigurationList = CFAE9F0A2586B32100A7BCC8 /* Build configuration list for PBXNativeTarget "TipCalculatorUITests" */;
			buildPhases = (
				CFAE9EF72586B32100A7BCC8 /* Sources */,
				CFAE9EF82586B32100A7BCC8 /* Frameworks */,
				CFAE9EF92586B32100A7BCC8 /* Resources */,
			);
			buildRules = (
			);
			dependencies = (
				CFAE9EFD2586B32100A7BCC8 /* PBXTargetDependency */,
			);
			name = TipCalculatorUITests;
			productName = TipCalculatorUITests;
			productReference = CFAE9EFB2586B32100A7BCC8 /* TipCalculatorUITests.xctest */;
			productType = "com.apple.product-type.bundle.ui-testing";
		};
/* End PBXNativeTarget section */

/* Begin PBXProject section */
		CFAE9ED42586B31E00A7BCC8 /* Project object */ = {
			isa = PBXProject;
			attributes = {
				LastSwiftUpdateCheck = 0940;
				LastUpgradeCheck = 0940;
				ORGANIZATIONNAME = Joao;
				TargetAttributes = {
					CFAE9EDB2586B31E00A7BCC8 = {
						CreatedOnToolsVersion = 9.4.1;
					};
					CFAE9EEF2586B32100A7BCC8 = {
						CreatedOnToolsVersion = 9.4.1;
						TestTargetID = CFAE9EDB2586B31E00A7BCC8;
					};
					CFAE9EFA2586B32100A7BCC8 = {
						CreatedOnToolsVersion = 9.4.1;
						TestTargetID = CFAE9EDB2586B31E00A7BCC8;
					};
				};
			};
			buildConfigurationList = CFAE9ED72586B31E00A7BCC8 /* Build configuration list for PBXProject "TipCalculator" */;
			compatibilityVersion = "Xcode 9.3";
			developmentRegion = en;
			hasScannedForEncodings = 0;
			knownRegions = (
				en,
				Base,
			);
			mainGroup = CFAE9ED32586B31E00A7BCC8;
			productRefGroup = CFAE9EDD2586B31E00A7BCC8 /* Products */;
			projectDirPath = "";
			projectRoot = "";
			targets = (
				CFAE9EDB2586B31E00A7BCC8 /* TipCalculator */,
				CFAE9EEF2586B32100A7BCC8 /* TipCalculatorTests */,
				CFAE9EFA2586B32100A7BCC8 /* TipCalculatorUITests */,
			);
		};
/* End PBXProject section */

/* Begin PBXResourcesBuildPhase section */
		CFAE9EDA2586B31E00A7BCC8 /* Resources */ = {
			isa = PBXResourcesBuildPhase;
			buildActionMask = 2147483647;
			files = (
				CFAE9EEA2586B32100A7BCC8 /* LaunchScreen.storyboard in Resources */,
				CFAE9EE72586B32100A7BCC8 /* Assets.xcassets in Resources */,
				CFAE9EE52586B31E00A7BCC8 /* Main.storyboard in Resources */,
			);
			runOnlyForDeploymentPostprocessing = 0;
		};
		CFAE9EEE2586B32100A7BCC8 /* Resources */ = {
			isa = PBXResourcesBuildPhase;
			buildActionMask = 2147483647;
			files = (
			);
			runOnlyForDeploymentPostprocessing = 0;
		};
		CFAE9EF92586B32100A7BCC8 /* Resources */ = {
			isa = PBXResourcesBuildPhase;
			buildActionMask = 2147483647;
			files = (
			);
			runOnlyForDeploymentPostprocessing = 0;
		};
/* End PBXResourcesBuildPhase section */

/* Begin PBXSourcesBuildPhase section */
		CFAE9ED82586B31E00A7BCC8 /* Sources */ = {
			isa = PBXSourcesBuildPhase;
			buildActionMask = 2147483647;
			files = (
				CFAE9EE22586B31E00A7BCC8 /* ViewController.swift in Sources */,
				CFAE9EE02586B31E00A7BCC8 /* AppDelegate.swift in Sources */,
			);
			runOnlyForDeploymentPostprocessing = 0;
		};
		CFAE9EEC2586B32100A7BCC8 /* Sources */ = {
			isa = PBXSourcesBuildPhase;
			buildActionMask = 2147483647;
			files = (
				CFAE9EF52586B32100A7BCC8 /* TipCalculatorTests.swift in Sources */,
			);
			runOnlyForDeploymentPostprocessing = 0;
		};
		CFAE9EF72586B32100A7BCC8 /* Sources */ = {
			isa = PBXSourcesBuildPhase;
			buildActionMask = 2147483647;
			files = (
				CFAE9F002586B32100A7BCC8 /* TipCalculatorUITests.swift in Sources */,
			);
			runOnlyForDeploymentPostprocessing = 0;
		};
/* End PBXSourcesBuildPhase section */

/* Begin PBXTargetDependency section */
		CFAE9EF22586B32100A7BCC8 /* PBXTargetDependency */ = {
			isa = PBXTargetDependency;
			target = CFAE9EDB2586B31E00A7BCC8 /* TipCalculator */;
			targetProxy = CFAE9EF12586B32100A7BCC8 /* PBXContainerItemProxy */;
		};
		CFAE9EFD2586B32100A7BCC8 /* PBXTargetDependency */ = {
			isa = PBXTargetDependency;
			target = CFAE9EDB2586B31E00A7BCC8 /* TipCalculator */;
			targetProxy = CFAE9EFC2586B32100A7BCC8 /* PBXContainerItemProxy */;
		};
/* End PBXTargetDependency section */

/* Begin PBXVariantGroup section */
		CFAE9EE32586B31E00A7BCC8 /* Main.storyboard */ = {
			isa = PBXVariantGroup;
			children = (
				CFAE9EE42586B31E00A7BCC8 /* Base */,
			);
			name = Main.storyboard;
			sourceTree = "<group>";
		};
		CFAE9EE82586B32100A7BCC8 /* LaunchScreen.storyboard */ = {
			isa = PBXVariantGroup;
			children = (
				CFAE9EE92586B32100A7BCC8 /* Base */,
			);
			name = LaunchScreen.storyboard;
			sourceTree = "<group>";
		};
/* End PBXVariantGroup section */

/* Begin XCBuildConfiguration section */
		CFAE9F022586B32100A7BCC8 /* Debug */ = {
			isa = XCBuildConfiguration;
			buildSettings = {
				ALWAYS_SEARCH_USER_PATHS = NO;
				CLANG_ANALYZER_NONNULL = YES;
				CLANG_ANALYZER_NUMBER_OBJECT_CONVERSION = YES_AGGRESSIVE;
				CLANG_CXX_LANGUAGE_STANDARD = "gnu++14";
				CLANG_CXX_LIBRARY = "libc++";
				CLANG_ENABLE_MODULES = YES;
				CLANG_ENABLE_OBJC_ARC = YES;
				CLANG_ENABLE_OBJC_WEAK = YES;
				CLANG_WARN_BLOCK_CAPTURE_AUTORELEASING = YES;
				CLANG_WARN_BOOL_CONVERSION = YES;
				CLANG_WARN_COMMA = YES;
				CLANG_WARN_CONSTANT_CONVERSION = YES;
				CLANG_WARN_DEPRECATED_OBJC_IMPLEMENTATIONS = YES;
				CLANG_WARN_DIRECT_OBJC_ISA_USAGE = YES_ERROR;
				CLANG_WARN_DOCUMENTATION_COMMENTS = YES;
				CLANG_WARN_EMPTY_BODY = YES;
				CLANG_WARN_ENUM_CONVERSION = YES;
				CLANG_WARN_INFINITE_RECURSION = YES;
				CLANG_WARN_INT_CONVERSION = YES;
				CLANG_WARN_NON_LITERAL_NULL_CONVERSION = YES;
				CLANG_WARN_OBJC_IMPLICIT_RETAIN_SELF = YES;
				CLANG_WARN_OBJC_LITERAL_CONVERSION = YES;
				CLANG_WARN_OBJC_ROOT_CLASS = YES_ERROR;
				CLANG_WARN_RANGE_LOOP_ANALYSIS = YES;
				CLANG_WARN_STRICT_PROTOTYPES = YES;
				CLANG_WARN_SUSPICIOUS_MOVE = YES;
				CLANG_WARN_UNGUARDED_AVAILABILITY = YES_AGGRESSIVE;
				CLANG_WARN_UNREACHABLE_CODE = YES;
				CLANG_WARN__DUPLICATE_METHOD_MATCH = YES;
				CODE_SIGN_IDENTITY = "iPhone Developer";
				COPY_PHASE_STRIP = NO;
				DEBUG_INFORMATION_FORMAT = dwarf;
				ENABLE_STRICT_OBJC_MSGSEND = YES;
				ENABLE_TESTABILITY = YES;
				GCC_C_LANGUAGE_STANDARD = gnu11;
				GCC_DYNAMIC_NO_PIC = NO;
				GCC_NO_COMMON_BLOCKS = YES;
				GCC_OPTIMIZATION_LEVEL = 0;
				GCC_PREPROCESSOR_DEFINITIONS = (
					"DEBUG=1",
					"$(inherited)",
				);
				GCC_WARN_64_TO_32_BIT_CONVERSION = YES;
				GCC_WARN_ABOUT_RETURN_TYPE = YES_ERROR;
				GCC_WARN_UNDECLARED_SELECTOR = YES;
				GCC_WARN_UNINITIALIZED_AUTOS = YES_AGGRESSIVE;
				GCC_WARN_UNUSED_FUNCTION = YES;
				GCC_WARN_UNUSED_VARIABLE = YES;
				IPHONEOS_DEPLOYMENT_TARGET = 11.4;
				MTL_ENABLE_DEBUG_INFO = YES;
				ONLY_ACTIVE_ARCH = YES;
				SDKROOT = iphoneos;
				SWIFT_ACTIVE_COMPILATION_CONDITIONS = DEBUG;
				SWIFT_OPTIMIZATION_LEVEL = "-Onone";
			};
			name = Debug;
		};
		CFAE9F032586B32100A7BCC8 /* Release */ = {
			isa = XCBuildConfiguration;
			buildSettings = {
				ALWAYS_SEARCH_USER_PATHS = NO;
				CLANG_ANALYZER_NONNULL = YES;
				CLANG_ANALYZER_NUMBER_OBJECT_CONVERSION = YES_AGGRESSIVE;
				CLANG_CXX_LANGUAGE_STANDARD = "gnu++14";
				CLANG_CXX_LIBRARY = "libc++";
				CLANG_ENABLE_MODULES = YES;
				CLANG_ENABLE_OBJC_ARC = YES;
				CLANG_ENABLE_OBJC_WEAK = YES;
				CLANG_WARN_BLOCK_CAPTURE_AUTORELEASING = YES;
				CLANG_WARN_BOOL_CONVERSION = YES;
				CLANG_WARN_COMMA = YES;
				CLANG_WARN_CONSTANT_CONVERSION = YES;
				CLANG_WARN_DEPRECATED_OBJC_IMPLEMENTATIONS = YES;
				CLANG_WARN_DIRECT_OBJC_ISA_USAGE = YES_ERROR;
				CLANG_WARN_DOCUMENTATION_COMMENTS = YES;
				CLANG_WARN_EMPTY_BODY = YES;
				CLANG_WARN_ENUM_CONVERSION = YES;
				CLANG_WARN_INFINITE_RECURSION = YES;
				CLANG_WARN_INT_CONVERSION = YES;
				CLANG_WARN_NON_LITERAL_NULL_CONVERSION = YES;
				CLANG_WARN_OBJC_IMPLICIT_RETAIN_SELF = YES;
				CLANG_WARN_OBJC_LITERAL_CONVERSION = YES;
				CLANG_WARN_OBJC_ROOT_CLASS = YES_ERROR;
				CLANG_WARN_RANGE_LOOP_ANALYSIS = YES;
				CLANG_WARN_STRICT_PROTOTYPES = YES;
				CLANG_WARN_SUSPICIOUS_MOVE = YES;
				CLANG_WARN_UNGUARDED_AVAILABILITY = YES_AGGRESSIVE;
				CLANG_WARN_UNREACHABLE_CODE = YES;
				CLANG_WARN__DUPLICATE_METHOD_MATCH = YES;
				CODE_SIGN_IDENTITY = "iPhone Developer";
				COPY_PHASE_STRIP = NO;
				DEBUG_INFORMATION_FORMAT = "dwarf-with-dsym";
				ENABLE_NS_ASSERTIONS = NO;
				ENABLE_STRICT_OBJC_MSGSEND = YES;
				GCC_C_LANGUAGE_STANDARD = gnu11;
				GCC_NO_COMMON_BLOCKS = YES;
				GCC_WARN_64_TO_32_BIT_CONVERSION = YES;
				GCC_WARN_ABOUT_RETURN_TYPE = YES_ERROR;
				GCC_WARN_UNDECLARED_SELECTOR = YES;
				GCC_WARN_UNINITIALIZED_AUTOS = YES_AGGRESSIVE;
				GCC_WARN_UNUSED_FUNCTION = YES;
				GCC_WARN_UNUSED_VARIABLE = YES;
				IPHONEOS_DEPLOYMENT_TARGET = 11.4;
				MTL_ENABLE_DEBUG_INFO = NO;
				SDKROOT = iphoneos;
				SWIFT_COMPILATION_MODE = wholemodule;
				SWIFT_OPTIMIZATION_LEVEL = "-O";
				VALIDATE_PRODUCT = YES;
			};
			name = Release;
		};
		CFAE9F052586B32100A7BCC8 /* Debug */ = {
			isa = XCBuildConfiguration;
			buildSettings = {
				ASSETCATALOG_COMPILER_APPICON_NAME = AppIcon;
				CODE_SIGN_STYLE = Automatic;
				INFOPLIST_FILE = TipCalculator/Info.plist;
				LD_RUNPATH_SEARCH_PATHS = (
					"$(inherited)",
					"@executable_path/Frameworks",
				);
				PRODUCT_BUNDLE_IDENTIFIER = Joao.TipCalculator;
				PRODUCT_NAME = "$(TARGET_NAME)";
				SWIFT_VERSION = 4.0;
				TARGETED_DEVICE_FAMILY = "1,2";
			};
			name = Debug;
		};
		CFAE9F062586B32100A7BCC8 /* Release */ = {
			isa = XCBuildConfiguration;
			buildSettings = {
				ASSETCATALOG_COMPILER_APPICON_NAME = AppIcon;
				CODE_SIGN_STYLE = Automatic;
				INFOPLIST_FILE = TipCalculator/Info.plist;
				LD_RUNPATH_SEARCH_PATHS = (
					"$(inherited)",
					"@executable_path/Frameworks",
				);
				PRODUCT_BUNDLE_IDENTIFIER = Joao.TipCalculator;
				PRODUCT_NAME = "$(TARGET_NAME)";
				SWIFT_VERSION = 4.0;
				TARGETED_DEVICE_FAMILY = "1,2";
			};
			name = Release;
		};
		CFAE9F082586B32100A7BCC8 /* Debug */ = {
			isa = XCBuildConfiguration;
			buildSettings = {
				ALWAYS_EMBED_SWIFT_STANDARD_LIBRARIES = YES;
				BUNDLE_LOADER = "$(TEST_HOST)";
				CODE_SIGN_STYLE = Automatic;
				INFOPLIST_FILE = TipCalculatorTests/Info.plist;
				LD_RUNPATH_SEARCH_PATHS = (
					"$(inherited)",
					"@executable_path/Frameworks",
					"@loader_path/Frameworks",
				);
				PRODUCT_BUNDLE_IDENTIFIER = Joao.TipCalculatorTests;
				PRODUCT_NAME = "$(TARGET_NAME)";
				SWIFT_VERSION = 4.0;
				TARGETED_DEVICE_FAMILY = "1,2";
				TEST_HOST = "$(BUILT_PRODUCTS_DIR)/TipCalculator.app/TipCalculator";
			};
			name = Debug;
		};
		CFAE9F092586B32100A7BCC8 /* Release */ = {
			isa = XCBuildConfiguration;
			buildSettings = {
				ALWAYS_EMBED_SWIFT_STANDARD_LIBRARIES = YES;
				BUNDLE_LOADER = "$(TEST_HOST)";
				CODE_SIGN_STYLE = Automatic;
				INFOPLIST_FILE = TipCalculatorTests/Info.plist;
				LD_RUNPATH_SEARCH_PATHS = (
					"$(inherited)",
					"@executable_path/Frameworks",
					"@loader_path/Frameworks",
				);
				PRODUCT_BUNDLE_IDENTIFIER = Joao.TipCalculatorTests;
				PRODUCT_NAME = "$(TARGET_NAME)";
				SWIFT_VERSION = 4.0;
				TARGETED_DEVICE_FAMILY = "1,2";
				TEST_HOST = "$(BUILT_PRODUCTS_DIR)/TipCalculator.app/TipCalculator";
			};
			name = Release;
		};
		CFAE9F0B2586B32100A7BCC8 /* Debug */ = {
			isa = XCBuildConfiguration;
			buildSettings = {
				ALWAYS_EMBED_SWIFT_STANDARD_LIBRARIES = YES;
				CODE_SIGN_STYLE = Automatic;
				INFOPLIST_FILE = TipCalculatorUITests/Info.plist;
				LD_RUNPATH_SEARCH_PATHS = (
					"$(inherited)",
					"@executable_path/Frameworks",
					"@loader_path/Frameworks",
				);
				PRODUCT_BUNDLE_IDENTIFIER = Joao.TipCalculatorUITests;
				PRODUCT_NAME = "$(TARGET_NAME)";
				SWIFT_VERSION = 4.0;
				TARGETED_DEVICE_FAMILY = "1,2";
				TEST_TARGET_NAME = TipCalculator;
			};
			name = Debug;
		};
		CFAE9F0C2586B32100A7BCC8 /* Release */ = {
			isa = XCBuildConfiguration;
			buildSettings = {
				ALWAYS_EMBED_SWIFT_STANDARD_LIBRARIES = YES;
				CODE_SIGN_STYLE = Automatic;
				INFOPLIST_FILE = TipCalculatorUITests/Info.plist;
				LD_RUNPATH_SEARCH_PATHS = (
					"$(inherited)",
					"@executable_path/Frameworks",
					"@loader_path/Frameworks",
				);
				PRODUCT_BUNDLE_IDENTIFIER = Joao.TipCalculatorUITests;
				PRODUCT_NAME = "$(TARGET_NAME)";
				SWIFT_VERSION = 4.0;
				TARGETED_DEVICE_FAMILY = "1,2";
				TEST_TARGET_NAME = TipCalculator;
			};
			name = Release;
		};
/* End XCBuildConfiguration section */

/* Begin XCConfigurationList section */
		CFAE9ED72586B31E00A7BCC8 /* Build configuration list for PBXProject "TipCalculator" */ = {
			isa = XCConfigurationList;
			buildConfigurations = (
				CFAE9F022586B32100A7BCC8 /* Debug */,
				CFAE9F032586B32100A7BCC8 /* Release */,
			);
			defaultConfigurationIsVisible = 0;
			defaultConfigurationName = Release;
		};
		CFAE9F042586B32100A7BCC8 /* Build configuration list for PBXNativeTarget "TipCalculator" */ = {
			isa = XCConfigurationList;
			buildConfigurations = (
				CFAE9F052586B32100A7BCC8 /* Debug */,
				CFAE9F062586B32100A7BCC8 /* Release */,
			);
			defaultConfigurationIsVisible = 0;
			defaultConfigurationName = Release;
		};
		CFAE9F072586B32100A7BCC8 /* Build configuration list for PBXNativeTarget "TipCalculatorTests" */ = {
			isa = XCConfigurationList;
			buildConfigurations = (
				CFAE9F082586B32100A7BCC8 /* Debug */,
				CFAE9F092586B32100A7BCC8 /* Release */,
			);
			defaultConfigurationIsVisible = 0;
			defaultConfigurationName = Release;
		};
		CFAE9F0A2586B32100A7BCC8 /* Build configuration list for PBXNativeTarget "TipCalculatorUITests" */ = {
			isa = XCConfigurationList;
			buildConfigurations = (
				CFAE9F0B2586B32100A7BCC8 /* Debug */,
				CFAE9F0C2586B32100A7BCC8 /* Release */,
			);
			defaultConfigurationIsVisible = 0;
			defaultConfigurationName = Release;
		};
/* End XCConfigurationList section */
	};
	rootObject = CFAE9ED42586B31E00A7BCC8 /* Project object */;
}
